
Microsoft Visual Studio Solution File, Format Version 12.00
# Visual Studio Version 16
VisualStudioVersion = 16.0.35325.158
MinimumVisualStudioVersion = 10.0.40219.1
Project("{FAE04EC0-301F-11D3-BF4B-00C04F79EFBC}") = "EventosPeruBack", "EventosPeruBack\EventosPeruBack.csproj", "{1632168E-40C0-4DAE-9CD3-5F2279C2DD04}"
EndProject
Project("{FAE04EC0-301F-11D3-BF4B-00C04F79EFBC}") = "EventosPeruFront", "EventosPeruFront\EventosPeruFront.csproj", "{69FD827A-73BC-4CD8-9AE4-51BF1DB4DE0B}"
EndProject
Global
	GlobalSection(SolutionConfigurationPlatforms) = preSolution
		Debug|Any CPU = Debug|Any CPU
		Release|Any CPU = Release|Any CPU
	EndGlobalSection
	GlobalSection(ProjectConfigurationPlatforms) = postSolution
		{1632168E-40C0-4DAE-9CD3-5F2279C2DD04}.Debug|Any CPU.ActiveCfg = Debug|Any CPU
		{1632168E-40C0-4DAE-9CD3-5F2279C2DD04}.Debug|Any CPU.Build.0 = Debug|Any CPU
		{1632168E-40C0-4DAE-9CD3-5F2279C2DD04}.Release|Any CPU.ActiveCfg = Release|Any CPU
		{1632168E-40C0-4DAE-9CD3-5F2279C2DD04}.Release|Any CPU.Build.0 = Release|Any CPU
		{69FD827A-73BC-4CD8-9AE4-51BF1DB4DE0B}.Debug|Any CPU.ActiveCfg = Debug|Any CPU
		{69FD827A-73BC-4CD8-9AE4-51BF1DB4DE0B}.Debug|Any CPU.Build.0 = Debug|Any CPU
		{69FD827A-73BC-4CD8-9AE4-51BF1DB4DE0B}.Release|Any CPU.ActiveCfg = Release|Any CPU
		{69FD827A-73BC-4CD8-9AE4-51BF1DB4DE0B}.Release|Any CPU.Build.0 = Release|Any CPU
	EndGlobalSection
	GlobalSection(SolutionProperties) = preSolution
		HideSolutionNode = FALSE
	EndGlobalSection
	GlobalSection(ExtensibilityGlobals) = postSolution
		SolutionGuid = {4B43205D-2AED-4F09-A6D1-2A9A757472D9}
	EndGlobalSection
EndGlobal
